
Microsoft Visual Studio Solution File, Format Version 12.00
# Visual Studio 2017
Project("{FAE04EC0-301F-11D3-BF4B-00C04F79EFBC}") = "Downhill Roller.Plugins", "Downhill Roller.Plugins.csproj", "{1481828F-ADAF-D985-5966-9F9E5F3B4595}"
EndProject
Project("{FAE04EC0-301F-11D3-BF4B-00C04F79EFBC}") = "Downhill Roller", "Downhill Roller.csproj", "{00663BF0-4ADB-BC95-27B8-896C7DFA4124}"
EndProject
Project("{FAE04EC0-301F-11D3-BF4B-00C04F79EFBC}") = "Downhill Roller.Editor.Plugins", "Downhill Roller.Editor.Plugins.csproj", "{95696311-AA3D-EA18-A356-B86C8483D116}"
EndProject
Global
	GlobalSection(SolutionConfigurationPlatforms) = preSolution
		Debug|Any CPU = Debug|Any CPU
		Release|Any CPU = Release|Any CPU
	EndGlobalSection
	GlobalSection(ProjectConfigurationPlatforms) = postSolution
		{1481828F-ADAF-D985-5966-9F9E5F3B4595}.Debug|Any CPU.ActiveCfg = Debug|Any CPU
		{1481828F-ADAF-D985-5966-9F9E5F3B4595}.Debug|Any CPU.Build.0 = Debug|Any CPU
		{1481828F-ADAF-D985-5966-9F9E5F3B4595}.Release|Any CPU.ActiveCfg = Release|Any CPU
		{1481828F-ADAF-D985-5966-9F9E5F3B4595}.Release|Any CPU.Build.0 = Release|Any CPU
		{00663BF0-4ADB-BC95-27B8-896C7DFA4124}.Debug|Any CPU.ActiveCfg = Debug|Any CPU
		{00663BF0-4ADB-BC95-27B8-896C7DFA4124}.Debug|Any CPU.Build.0 = Debug|Any CPU
		{00663BF0-4ADB-BC95-27B8-896C7DFA4124}.Release|Any CPU.ActiveCfg = Release|Any CPU
		{00663BF0-4ADB-BC95-27B8-896C7DFA4124}.Release|Any CPU.Build.0 = Release|Any CPU
		{95696311-AA3D-EA18-A356-B86C8483D116}.Debug|Any CPU.ActiveCfg = Debug|Any CPU
		{95696311-AA3D-EA18-A356-B86C8483D116}.Debug|Any CPU.Build.0 = Debug|Any CPU
		{95696311-AA3D-EA18-A356-B86C8483D116}.Release|Any CPU.ActiveCfg = Release|Any CPU
		{95696311-AA3D-EA18-A356-B86C8483D116}.Release|Any CPU.Build.0 = Release|Any CPU
	EndGlobalSection
	GlobalSection(SolutionProperties) = preSolution
		HideSolutionNode = FALSE
	EndGlobalSection
EndGlobal
